// !$*UTF8*$!
{
	archiveVersion = 1;
	classes = {
	};
	objectVersion = 50;
	objects = {

/* Begin PBXBuildFile section */
		BB191260251BE0290070B060 /* Menus_in_SwiftUIApp.swift in Sources */ = {isa = PBXBuildFile; fileRef = BB19125F251BE0290070B060 /* Menus_in_SwiftUIApp.swift */; };
		BB191262251BE0290070B060 /* ContentView.swift in Sources */ = {isa = PBXBuildFile; fileRef = BB191261251BE0290070B060 /* ContentView.swift */; };
		BB191264251BE02B0070B060 /* Assets.xcassets in Resources */ = {isa = PBXBuildFile; fileRef = BB191263251BE02B0070B060 /* Assets.xcassets */; };
		BB191267251BE02B0070B060 /* Preview Assets.xcassets in Resources */ = {isa = PBXBuildFile; fileRef = BB191266251BE02B0070B060 /* Preview Assets.xcassets */; };
		BB191270251BE0620070B060 /* FoodItem.swift in Sources */ = {isa = PBXBuildFile; fileRef = BB19126F251BE0620070B060 /* FoodItem.swift */; };
		BB8601A2251C4FD40018B010 /* ItemDetail.swift in Sources */ = {isa = PBXBuildFile; fileRef = BB8601A1251C4FD40018B010 /* ItemDetail.swift */; };
		BBF09EC1251D544A00CC7547 /* FoodItemsViewModel.swift in Sources */ = {isa = PBXBuildFile; fileRef = BBF09EC0251D544A00CC7547 /* FoodItemsViewModel.swift */; };
/* End PBXBuildFile section */

/* Begin PBXFileReference section */
		BB19125C251BE0290070B060 /* Menus in SwiftUI.app */ = {isa = PBXFileReference; explicitFileType = wrapper.application; includeInIndex = 0; path = "Menus in SwiftUI.app"; sourceTree = BUILT_PRODUCTS_DIR; };
		BB19125F251BE0290070B060 /* Menus_in_SwiftUIApp.swift */ = {isa = PBXFileReference; lastKnownFileType = sourcecode.swift; path = Menus_in_SwiftUIApp.swift; sourceTree = "<group>"; };
		BB191261251BE0290070B060 /* ContentView.swift */ = {isa = PBXFileReference; lastKnownFileType = sourcecode.swift; path = ContentView.swift; sourceTree = "<group>"; };
		BB191263251BE02B0070B060 /* Assets.xcassets */ = {isa = PBXFileReference; lastKnownFileType = folder.assetcatalog; path = Assets.xcassets; sourceTree = "<group>"; };
		BB191266251BE02B0070B060 /* Preview Assets.xcassets */ = {isa = PBXFileReference; lastKnownFileType = folder.assetcatalog; path = "Preview Assets.xcassets"; sourceTree = "<group>"; };
		BB191268251BE02B0070B060 /* Info.plist */ = {isa = PBXFileReference; lastKnownFileType = text.plist.xml; path = Info.plist; sourceTree = "<group>"; };
		BB19126F251BE0620070B060 /* FoodItem.swift */ = {isa = PBXFileReference; lastKnownFileType = sourcecode.swift; path = FoodItem.swift; sourceTree = "<group>"; };
		BB8601A1251C4FD40018B010 /* ItemDetail.swift */ = {isa = PBXFileReference; lastKnownFileType = sourcecode.swift; path = ItemDetail.swift; sourceTree = "<group>"; };
		BBF09EC0251D544A00CC7547 /* FoodItemsViewModel.swift */ = {isa = PBXFileReference; lastKnownFileType = sourcecode.swift; path = FoodItemsViewModel.swift; sourceTree = "<group>"; };
/* End PBXFileReference section */

/* Begin PBXFrameworksBuildPhase section */
		BB191259251BE0290070B060 /* Frameworks */ = {
			isa = PBXFrameworksBuildPhase;
			buildActionMask = 2147483647;
			files = (
			);
			runOnlyForDeploymentPostprocessing = 0;
		};
/* End PBXFrameworksBuildPhase section */

/* Begin PBXGroup section */
		BB191253251BE0290070B060 = {
			isa = PBXGroup;
			children = (
				BB19125E251BE0290070B060 /* Menus in SwiftUI */,
				BB19125D251BE0290070B060 /* Products */,
			);
			sourceTree = "<group>";
		};
		BB19125D251BE0290070B060 /* Products */ = {
			isa = PBXGroup;
			children = (
				BB19125C251BE0290070B060 /* Menus in SwiftUI.app */,
			);
			name = Products;
			sourceTree = "<group>";
		};
		BB19125E251BE0290070B060 /* Menus in SwiftUI */ = {
			isa = PBXGroup;
			children = (
				BB19125F251BE0290070B060 /* Menus_in_SwiftUIApp.swift */,
				BB191261251BE0290070B060 /* ContentView.swift */,
				BB8601A1251C4FD40018B010 /* ItemDetail.swift */,
				BB19126F251BE0620070B060 /* FoodItem.swift */,
				BBF09EC0251D544A00CC7547 /* FoodItemsViewModel.swift */,
				BB191263251BE02B0070B060 /* Assets.xcassets */,
				BB191268251BE02B0070B060 /* Info.plist */,
				BB191265251BE02B0070B060 /* Preview Content */,
			);
			path = "Menus in SwiftUI";
			sourceTree = "<group>";
		};
		BB191265251BE02B0070B060 /* Preview Content */ = {
			isa = PBXGroup;
			children = (
				BB191266251BE02B0070B060 /* Preview Assets.xcassets */,
			);
			path = "Preview Content";
			sourceTree = "<group>";
		};
/* End PBXGroup section */

/* Begin PBXNativeTarget section */
		BB19125B251BE0290070B060 /* Menus in SwiftUI */ = {
			isa = PBXNativeTarget;
			buildConfigurationList = BB19126B251BE02B0070B060 /* Build configuration list for PBXNativeTarget "Menus in SwiftUI" */;
			buildPhases = (
				BB191258251BE0290070B060 /* Sources */,
				BB191259251BE0290070B060 /* Frameworks */,
				BB19125A251BE0290070B060 /* Resources */,
			);
			buildRules = (
			);
			dependencies = (
			);
			name = "Menus in SwiftUI";
			productName = "Menus in SwiftUI";
			productReference = BB19125C251BE0290070B060 /* Menus in SwiftUI.app */;
			productType = "com.apple.product-type.application";
		};
/* End PBXNativeTarget section */

/* Begin PBXProject section */
		BB191254251BE0290070B060 /* Project object */ = {
			isa = PBXProject;
			attributes = {
				LastSwiftUpdateCheck = 1220;
				LastUpgradeCheck = 1220;
				TargetAttributes = {
					BB19125B251BE0290070B060 = {
						CreatedOnToolsVersion = 12.2;
					};
				};
			};
			buildConfigurationList = BB191257251BE0290070B060 /* Build configuration list for PBXProject "Menus in SwiftUI" */;
			compatibilityVersion = "Xcode 9.3";
			developmentRegion = en;
			hasScannedForEncodings = 0;
			knownRegions = (
				en,
				Base,
			);
			mainGroup = BB191253251BE0290070B060;
			productRefGroup = BB19125D251BE0290070B060 /* Products */;
			projectDirPath = "";
			projectRoot = "";
			targets = (
				BB19125B251BE0290070B060 /* Menus in SwiftUI */,
			);
		};
/* End PBXProject section */

/* Begin PBXResourcesBuildPhase section */
		BB19125A251BE0290070B060 /* Resources */ = {
			isa = PBXResourcesBuildPhase;
			buildActionMask = 2147483647;
			files = (
				BB191267251BE02B0070B060 /* Preview Assets.xcassets in Resources */,
				BB191264251BE02B0070B060 /* Assets.xcassets in Resources */,
			);
			runOnlyForDeploymentPostprocessing = 0;
		};
/* End PBXResourcesBuildPhase section */

/* Begin PBXSourcesBuildPhase section */
		BB191258251BE0290070B060 /* Sources */ = {
			isa = PBXSourcesBuildPhase;
			buildActionMask = 2147483647;
			files = (
				BB191262251BE0290070B060 /* ContentView.swift in Sources */,
				BB8601A2251C4FD40018B010 /* ItemDetail.swift in Sources */,
				BB191270251BE0620070B060 /* FoodItem.swift in Sources */,
				BBF09EC1251D544A00CC7547 /* FoodItemsViewModel.swift in Sources */,
				BB191260251BE0290070B060 /* Menus_in_SwiftUIApp.swift in Sources */,
			);
			runOnlyForDeploymentPostprocessing = 0;
		};
/* End PBXSourcesBuildPhase section */

/* Begin XCBuildConfiguration section */
		BB191269251BE02B0070B060 /* Debug */ = {
			isa = XCBuildConfiguration;
			buildSettings = {
				ALWAYS_SEARCH_USER_PATHS = NO;
				CLANG_ANALYZER_NONNULL = YES;
				CLANG_ANALYZER_NUMBER_OBJECT_CONVERSION = YES_AGGRESSIVE;
				CLANG_CXX_LANGUAGE_STANDARD = "gnu++14";
				CLANG_CXX_LIBRARY = "libc++";
				CLANG_ENABLE_MODULES = YES;
				CLANG_ENABLE_OBJC_ARC = YES;
				CLANG_ENABLE_OBJC_WEAK = YES;
				CLANG_WARN_BLOCK_CAPTURE_AUTORELEASING = YES;
				CLANG_WARN_BOOL_CONVERSION = YES;
				CLANG_WARN_COMMA = YES;
				CLANG_WARN_CONSTANT_CONVERSION = YES;
				CLANG_WARN_DEPRECATED_OBJC_IMPLEMENTATIONS = YES;
				CLANG_WARN_DIRECT_OBJC_ISA_USAGE = YES_ERROR;
				CLANG_WARN_DOCUMENTATION_COMMENTS = YES;
				CLANG_WARN_EMPTY_BODY = YES;
				CLANG_WARN_ENUM_CONVERSION = YES;
				CLANG_WARN_INFINITE_RECURSION = YES;
				CLANG_WARN_INT_CONVERSION = YES;
				CLANG_WARN_NON_LITERAL_NULL_CONVERSION = YES;
				CLANG_WARN_OBJC_IMPLICIT_RETAIN_SELF = YES;
				CLANG_WARN_OBJC_LITERAL_CONVERSION = YES;
				CLANG_WARN_OBJC_ROOT_CLASS = YES_ERROR;
				CLANG_WARN_QUOTED_INCLUDE_IN_FRAMEWORK_HEADER = YES;
				CLANG_WARN_RANGE_LOOP_ANALYSIS = YES;
				CLANG_WARN_STRICT_PROTOTYPES = YES;
				CLANG_WARN_SUSPICIOUS_MOVE = YES;
				CLANG_WARN_UNGUARDED_AVAILABILITY = YES_AGGRESSIVE;
				CLANG_WARN_UNREACHABLE_CODE = YES;
				CLANG_WARN__DUPLICATE_METHOD_MATCH = YES;
				COPY_PHASE_STRIP = NO;
				DEBUG_INFORMATION_FORMAT = dwarf;
				ENABLE_STRICT_OBJC_MSGSEND = YES;
				ENABLE_TESTABILITY = YES;
				GCC_C_LANGUAGE_STANDARD = gnu11;
				GCC_DYNAMIC_NO_PIC = NO;
				GCC_NO_COMMON_BLOCKS = YES;
				GCC_OPTIMIZATION_LEVEL = 0;
				GCC_PREPROCESSOR_DEFINITIONS = (
					"DEBUG=1",
					"$(inherited)",
				);
				GCC_WARN_64_TO_32_BIT_CONVERSION = YES;
				GCC_WARN_ABOUT_RETURN_TYPE = YES_ERROR;
				GCC_WARN_UNDECLARED_SELECTOR = YES;
				GCC_WARN_UNINITIALIZED_AUTOS = YES_AGGRESSIVE;
				GCC_WARN_UNUSED_FUNCTION = YES;
				GCC_WARN_UNUSED_VARIABLE = YES;
				IPHONEOS_DEPLOYMENT_TARGET = 14.2;
				MTL_ENABLE_DEBUG_INFO = INCLUDE_SOURCE;
				MTL_FAST_MATH = YES;
				ONLY_ACTIVE_ARCH = YES;
				SDKROOT = iphoneos;
				SWIFT_ACTIVE_COMPILATION_CONDITIONS = DEBUG;
				SWIFT_OPTIMIZATION_LEVEL = "-Onone";
			};
			name = Debug;
		};
		BB19126A251BE02B0070B060 /* Release */ = {
			isa = XCBuildConfiguration;
			buildSettings = {
				ALWAYS_SEARCH_USER_PATHS = NO;
				CLANG_ANALYZER_NONNULL = YES;
				CLANG_ANALYZER_NUMBER_OBJECT_CONVERSION = YES_AGGRESSIVE;
				CLANG_CXX_LANGUAGE_STANDARD = "gnu++14";
				CLANG_CXX_LIBRARY = "libc++";
				CLANG_ENABLE_MODULES = YES;
				CLANG_ENABLE_OBJC_ARC = YES;
				CLANG_ENABLE_OBJC_WEAK = YES;
				CLANG_WARN_BLOCK_CAPTURE_AUTORELEASING = YES;
				CLANG_WARN_BOOL_CONVERSION = YES;
				CLANG_WARN_COMMA = YES;
				CLANG_WARN_CONSTANT_CONVERSION = YES;
				CLANG_WARN_DEPRECATED_OBJC_IMPLEMENTATIONS = YES;
				CLANG_WARN_DIRECT_OBJC_ISA_USAGE = YES_ERROR;
				CLANG_WARN_DOCUMENTATION_COMMENTS = YES;
				CLANG_WARN_EMPTY_BODY = YES;
				CLANG_WARN_ENUM_CONVERSION = YES;
				CLANG_WARN_INFINITE_RECURSION = YES;
				CLANG_WARN_INT_CONVERSION = YES;
				CLANG_WARN_NON_LITERAL_NULL_CONVERSION = YES;
				CLANG_WARN_OBJC_IMPLICIT_RETAIN_SELF = YES;
				CLANG_WARN_OBJC_LITERAL_CONVERSION = YES;
				CLANG_WARN_OBJC_ROOT_CLASS = YES_ERROR;
				CLANG_WARN_QUOTED_INCLUDE_IN_FRAMEWORK_HEADER = YES;
				CLANG_WARN_RANGE_LOOP_ANALYSIS = YES;
				CLANG_WARN_STRICT_PROTOTYPES = YES;
				CLANG_WARN_SUSPICIOUS_MOVE = YES;
				CLANG_WARN_UNGUARDED_AVAILABILITY = YES_AGGRESSIVE;
				CLANG_WARN_UNREACHABLE_CODE = YES;
				CLANG_WARN__DUPLICATE_METHOD_MATCH = YES;
				COPY_PHASE_STRIP = NO;
				DEBUG_INFORMATION_FORMAT = "dwarf-with-dsym";
				ENABLE_NS_ASSERTIONS = NO;
				ENABLE_STRICT_OBJC_MSGSEND = YES;
				GCC_C_LANGUAGE_STANDARD = gnu11;
				GCC_NO_COMMON_BLOCKS = YES;
				GCC_WARN_64_TO_32_BIT_CONVERSION = YES;
				GCC_WARN_ABOUT_RETURN_TYPE = YES_ERROR;
				GCC_WARN_UNDECLARED_SELECTOR = YES;
				GCC_WARN_UNINITIALIZED_AUTOS = YES_AGGRESSIVE;
				GCC_WARN_UNUSED_FUNCTION = YES;
				GCC_WARN_UNUSED_VARIABLE = YES;
				IPHONEOS_DEPLOYMENT_TARGET = 14.2;
				MTL_ENABLE_DEBUG_INFO = NO;
				MTL_FAST_MATH = YES;
				SDKROOT = iphoneos;
				SWIFT_COMPILATION_MODE = wholemodule;
				SWIFT_OPTIMIZATION_LEVEL = "-O";
				VALIDATE_PRODUCT = YES;
			};
			name = Release;
		};
		BB19126C251BE02B0070B060 /* Debug */ = {
			isa = XCBuildConfiguration;
			buildSettings = {
				ASSETCATALOG_COMPILER_APPICON_NAME = AppIcon;
				ASSETCATALOG_COMPILER_GLOBAL_ACCENT_COLOR_NAME = AccentColor;
				CODE_SIGN_STYLE = Automatic;
				DEVELOPMENT_ASSET_PATHS = "\"Menus in SwiftUI/Preview Content\"";
				DEVELOPMENT_TEAM = RKV4UP49S6;
				ENABLE_PREVIEWS = YES;
				INFOPLIST_FILE = "Menus in SwiftUI/Info.plist";
				IPHONEOS_DEPLOYMENT_TARGET = 14.0;
				LD_RUNPATH_SEARCH_PATHS = (
					"$(inherited)",
					"@executable_path/Frameworks",
				);
				PRODUCT_BUNDLE_IDENTIFIER = "com.createchsol.Menus-in-SwiftUI";
				PRODUCT_NAME = "$(TARGET_NAME)";
				SWIFT_VERSION = 5.0;
				TARGETED_DEVICE_FAMILY = "1,2";
			};
			name = Debug;
		};
		BB19126D251BE02B0070B060 /* Release */ = {
			isa = XCBuildConfiguration;
			buildSettings = {
				ASSETCATALOG_COMPILER_APPICON_NAME = AppIcon;
				ASSETCATALOG_COMPILER_GLOBAL_ACCENT_COLOR_NAME = AccentColor;
				CODE_SIGN_STYLE = Automatic;
				DEVELOPMENT_ASSET_PATHS = "\"Menus in SwiftUI/Preview Content\"";
				DEVELOPMENT_TEAM = RKV4UP49S6;
				ENABLE_PREVIEWS = YES;
				INFOPLIST_FILE = "Menus in SwiftUI/Info.plist";
				IPHONEOS_DEPLOYMENT_TARGET = 14.0;
				LD_RUNPATH_SEARCH_PATHS = (
					"$(inherited)",
					"@executable_path/Frameworks",
				);
				PRODUCT_BUNDLE_IDENTIFIER = "com.createchsol.Menus-in-SwiftUI";
				PRODUCT_NAME = "$(TARGET_NAME)";
				SWIFT_VERSION = 5.0;
				TARGETED_DEVICE_FAMILY = "1,2";
			};
			name = Release;
		};
/* End XCBuildConfiguration section */

/* Begin XCConfigurationList section */
		BB191257251BE0290070B060 /* Build configuration list for PBXProject "Menus in SwiftUI" */ = {
			isa = XCConfigurationList;
			buildConfigurations = (
				BB191269251BE02B0070B060 /* Debug */,
				BB19126A251BE02B0070B060 /* Release */,
			);
			defaultConfigurationIsVisible = 0;
			defaultConfigurationName = Release;
		};
		BB19126B251BE02B0070B060 /* Build configuration list for PBXNativeTarget "Menus in SwiftUI" */ = {
			isa = XCConfigurationList;
			buildConfigurations = (
				BB19126C251BE02B0070B060 /* Debug */,
				BB19126D251BE02B0070B060 /* Release */,
			);
			defaultConfigurationIsVisible = 0;
			defaultConfigurationName = Release;
		};
/* End XCConfigurationList section */
	};
	rootObject = BB191254251BE0290070B060 /* Project object */;
}
